
Microsoft Visual Studio Solution File, Format Version 12.00
# Visual Studio Version 17
VisualStudioVersion = 17.9.34622.214
MinimumVisualStudioVersion = 10.0.40219.1
Project("{FAE04EC0-301F-11D3-BF4B-00C04F79EFBC}") = "GerenciadorHospital", "GerenciadorHospital\GerenciadorHospital.csproj", "{7A1F70C9-7E0E-409E-87AD-17014A2F9F80}"
EndProject
Global
	GlobalSection(SolutionConfigurationPlatforms) = preSolution
		Debug|Any CPU = Debug|Any CPU
		Release|Any CPU = Release|Any CPU
	EndGlobalSection
	GlobalSection(ProjectConfigurationPlatforms) = postSolution
		{7A1F70C9-7E0E-409E-87AD-17014A2F9F80}.Debug|Any CPU.ActiveCfg = Debug|Any CPU
		{7A1F70C9-7E0E-409E-87AD-17014A2F9F80}.Debug|Any CPU.Build.0 = Debug|Any CPU
		{7A1F70C9-7E0E-409E-87AD-17014A2F9F80}.Release|Any CPU.ActiveCfg = Release|Any CPU
		{7A1F70C9-7E0E-409E-87AD-17014A2F9F80}.Release|Any CPU.Build.0 = Release|Any CPU
	EndGlobalSection
	GlobalSection(SolutionProperties) = preSolution
		HideSolutionNode = FALSE
	EndGlobalSection
	GlobalSection(ExtensibilityGlobals) = postSolution
		SolutionGuid = {7244A7C1-A951-4010-97E1-B9281060E018}
	EndGlobalSection
EndGlobal
