
Microsoft Visual Studio Solution File, Format Version 12.00
# Visual Studio Version 17
VisualStudioVersion = 17.9.34622.214
MinimumVisualStudioVersion = 10.0.40219.1
Project("{FAE04EC0-301F-11D3-BF4B-00C04F79EFBC}") = "GerenciadorHospital.Test", "GerenciadorHospital.Test\GerenciadorHospital.Test.csproj", "{020D9B45-5F1E-4424-805D-619762D27933}"
EndProject
Project("{FAE04EC0-301F-11D3-BF4B-00C04F79EFBC}") = "GerenciadorHospital.Application", "GerenciadorHospital.Application\GerenciadorHospital.Application.csproj", "{BDDCB670-BAB7-428E-9662-BEE7EDB85CFC}"
EndProject
Project("{FAE04EC0-301F-11D3-BF4B-00C04F79EFBC}") = "GerenciadorHospital.Domain", "GerenciadorHospital.Domain\GerenciadorHospital.Domain.csproj", "{EB5FB7B0-42AA-4DDD-B8BB-1FF81C594436}"
EndProject
Project("{FAE04EC0-301F-11D3-BF4B-00C04F79EFBC}") = "GerenciadorHospital.Infraestructure", "GerenciadorHospital.Infraestructure\GerenciadorHospital.Infraestructure.csproj", "{DEB79C10-0BD8-4771-A402-591ACCBC64C3}"
EndProject
Project("{FAE04EC0-301F-11D3-BF4B-00C04F79EFBC}") = "GerenciadorHospital", "GerenciadorHospital\GerenciadorHospital.csproj", "{815EDF14-236D-4227-8375-056D2725DB9A}"
EndProject
Global
	GlobalSection(SolutionConfigurationPlatforms) = preSolution
		Debug|Any CPU = Debug|Any CPU
		Release|Any CPU = Release|Any CPU
	EndGlobalSection
	GlobalSection(ProjectConfigurationPlatforms) = postSolution
		{020D9B45-5F1E-4424-805D-619762D27933}.Debug|Any CPU.ActiveCfg = Debug|Any CPU
		{020D9B45-5F1E-4424-805D-619762D27933}.Debug|Any CPU.Build.0 = Debug|Any CPU
		{020D9B45-5F1E-4424-805D-619762D27933}.Release|Any CPU.ActiveCfg = Release|Any CPU
		{020D9B45-5F1E-4424-805D-619762D27933}.Release|Any CPU.Build.0 = Release|Any CPU
		{BDDCB670-BAB7-428E-9662-BEE7EDB85CFC}.Debug|Any CPU.ActiveCfg = Debug|Any CPU
		{BDDCB670-BAB7-428E-9662-BEE7EDB85CFC}.Debug|Any CPU.Build.0 = Debug|Any CPU
		{BDDCB670-BAB7-428E-9662-BEE7EDB85CFC}.Release|Any CPU.ActiveCfg = Release|Any CPU
		{BDDCB670-BAB7-428E-9662-BEE7EDB85CFC}.Release|Any CPU.Build.0 = Release|Any CPU
		{EB5FB7B0-42AA-4DDD-B8BB-1FF81C594436}.Debug|Any CPU.ActiveCfg = Debug|Any CPU
		{EB5FB7B0-42AA-4DDD-B8BB-1FF81C594436}.Debug|Any CPU.Build.0 = Debug|Any CPU
		{EB5FB7B0-42AA-4DDD-B8BB-1FF81C594436}.Release|Any CPU.ActiveCfg = Release|Any CPU
		{EB5FB7B0-42AA-4DDD-B8BB-1FF81C594436}.Release|Any CPU.Build.0 = Release|Any CPU
		{DEB79C10-0BD8-4771-A402-591ACCBC64C3}.Debug|Any CPU.ActiveCfg = Debug|Any CPU
		{DEB79C10-0BD8-4771-A402-591ACCBC64C3}.Debug|Any CPU.Build.0 = Debug|Any CPU
		{DEB79C10-0BD8-4771-A402-591ACCBC64C3}.Release|Any CPU.ActiveCfg = Release|Any CPU
		{DEB79C10-0BD8-4771-A402-591ACCBC64C3}.Release|Any CPU.Build.0 = Release|Any CPU
		{815EDF14-236D-4227-8375-056D2725DB9A}.Debug|Any CPU.ActiveCfg = Debug|Any CPU
		{815EDF14-236D-4227-8375-056D2725DB9A}.Debug|Any CPU.Build.0 = Debug|Any CPU
		{815EDF14-236D-4227-8375-056D2725DB9A}.Release|Any CPU.ActiveCfg = Release|Any CPU
		{815EDF14-236D-4227-8375-056D2725DB9A}.Release|Any CPU.Build.0 = Release|Any CPU
	EndGlobalSection
	GlobalSection(SolutionProperties) = preSolution
		HideSolutionNode = FALSE
	EndGlobalSection
	GlobalSection(ExtensibilityGlobals) = postSolution
		SolutionGuid = {7244A7C1-A951-4010-97E1-B9281060E018}
	EndGlobalSection
EndGlobal
